
Microsoft Visual Studio Solution File, Format Version 12.00
# Visual Studio 15
VisualStudioVersion = 15.0.28307.136
MinimumVisualStudioVersion = 10.0.40219.1
Project("{FAE04EC0-301F-11D3-BF4B-00C04F79EFBC}") = "EsiTest.AutomatedTellerMachine", "EsiTest.AutomatedTellerMachine\EsiTest.AutomatedTellerMachine.csproj", "{A58A49AA-E6A3-4782-963C-88C5C630D4BF}"
EndProject
Project("{FAE04EC0-301F-11D3-BF4B-00C04F79EFBC}") = "EsiTest.AutomatedTellerMachine.Data", "EsiTest.AutomatedTellerMachine.Data\EsiTest.AutomatedTellerMachine.Data.csproj", "{9E15F00E-2BCE-40B5-8866-B790FD1E4576}"
EndProject
Project("{FAE04EC0-301F-11D3-BF4B-00C04F79EFBC}") = "EsiTest.AutomatedTellerMachine.Business", "EsiTest.AutomatedTellerMachine.Business\EsiTest.AutomatedTellerMachine.Business.csproj", "{E716A0B6-12A0-4E80-892E-09F9B4694C11}"
EndProject
Global
	GlobalSection(SolutionConfigurationPlatforms) = preSolution
		Debug|Any CPU = Debug|Any CPU
		Release|Any CPU = Release|Any CPU
	EndGlobalSection
	GlobalSection(ProjectConfigurationPlatforms) = postSolution
		{A58A49AA-E6A3-4782-963C-88C5C630D4BF}.Debug|Any CPU.ActiveCfg = Debug|Any CPU
		{A58A49AA-E6A3-4782-963C-88C5C630D4BF}.Debug|Any CPU.Build.0 = Debug|Any CPU
		{A58A49AA-E6A3-4782-963C-88C5C630D4BF}.Release|Any CPU.ActiveCfg = Release|Any CPU
		{A58A49AA-E6A3-4782-963C-88C5C630D4BF}.Release|Any CPU.Build.0 = Release|Any CPU
		{9E15F00E-2BCE-40B5-8866-B790FD1E4576}.Debug|Any CPU.ActiveCfg = Debug|Any CPU
		{9E15F00E-2BCE-40B5-8866-B790FD1E4576}.Debug|Any CPU.Build.0 = Debug|Any CPU
		{9E15F00E-2BCE-40B5-8866-B790FD1E4576}.Release|Any CPU.ActiveCfg = Release|Any CPU
		{9E15F00E-2BCE-40B5-8866-B790FD1E4576}.Release|Any CPU.Build.0 = Release|Any CPU
		{E716A0B6-12A0-4E80-892E-09F9B4694C11}.Debug|Any CPU.ActiveCfg = Debug|Any CPU
		{E716A0B6-12A0-4E80-892E-09F9B4694C11}.Debug|Any CPU.Build.0 = Debug|Any CPU
		{E716A0B6-12A0-4E80-892E-09F9B4694C11}.Release|Any CPU.ActiveCfg = Release|Any CPU
		{E716A0B6-12A0-4E80-892E-09F9B4694C11}.Release|Any CPU.Build.0 = Release|Any CPU
	EndGlobalSection
	GlobalSection(SolutionProperties) = preSolution
		HideSolutionNode = FALSE
	EndGlobalSection
	GlobalSection(ExtensibilityGlobals) = postSolution
		SolutionGuid = {A0A5D2FB-03DA-4B47-981A-8254B3D727F7}
	EndGlobalSection
EndGlobal
